
Microsoft Visual Studio Solution File, Format Version 12.00
# Visual Studio 15
VisualStudioVersion = 15.0.27004.2002
MinimumVisualStudioVersion = 10.0.40219.1
Project("{D954291E-2A0B-460D-934E-DC6B0785DB48}") = "LanguageFiles", "LanguageFiles\LanguageFiles.shproj", "{59EE89C8-4BCD-4B4D-97AC-8DAFD1DCA8D4}"
EndProject
Global
	GlobalSection(SharedMSBuildProjectFiles) = preSolution
		LanguageFiles\LanguageFiles.projitems*{59ee89c8-4bcd-4b4d-97ac-8dafd1dca8d4}*SharedItemsImports = 13
	EndGlobalSection
	GlobalSection(SolutionProperties) = preSolution
		HideSolutionNode = FALSE
	EndGlobalSection
	GlobalSection(ExtensibilityGlobals) = postSolution
		SolutionGuid = {CD78960C-6AB0-4E39-9E40-D93D524B2194}
	EndGlobalSection
EndGlobal
